[[dependencies]]
name = "forge-std"
version = "1.9.3"
url = "https://soldeer-revisions.s3.amazonaws.com/forge-std/1_9_3_30-09-2024_08:27:09_forge-std-1.9.zip"
checksum = "351b6f9cde3d9476cc07e48c1bca6b7fd93fa16dd9b450e5ad5d169d1dbd5938"
integrity = "d53734fbd7201cd9e44de730ae045ed8958dd2c7b9493c30b322f6e6c21ca8b2"

[[dependencies]]
name = "openzeppelin"
version = "5.0.2"
git = "https://github.com/OpenZeppelin/openzeppelin-contracts.git"
rev = "bc1df46eac3b897bc343952fccac3fad8a3095bc"

[[dependencies]]
name = "solady"
version = "0.0.259"
git = "https://github.com/Vectorized/solady.git"
rev = "7deab021af0426307ae79d091c4d1e26e9e89cf0"
